
Microsoft Visual Studio Solution File, Format Version 12.00
# Visual Studio 14
VisualStudioVersion = 14.0.25420.1
MinimumVisualStudioVersion = 10.0.40219.1
Project("{8BB2217D-0F2D-49D1-97BC-3654ED321F3B}") = "MicroShop", "MicroShop\MicroShop.xproj", "{41BEEBC7-CD1F-4168-9DAE-9C24C91D416F}"
EndProject
Project("{FAE04EC0-301F-11D3-BF4B-00C04F79EFBC}") = "SimpleMicroservice", "SimpleMicroservice\SimpleMicroservice.csproj", "{51F793BE-9299-48FA-8E26-EBEB274F4F0A}"
EndProject
Project("{FAE04EC0-301F-11D3-BF4B-00C04F79EFBC}") = "EmailService", "EmailService\EmailService.csproj", "{3A84C306-64BC-448C-9AD7-0A7FD6AE4707}"
EndProject
Project("{FAE04EC0-301F-11D3-BF4B-00C04F79EFBC}") = "Microshop.Contract", "Microshop.Contract\Microshop.Contract.csproj", "{62B8965E-3CF8-4038-A7BD-F1E87B0D9285}"
EndProject
Global
	GlobalSection(SolutionConfigurationPlatforms) = preSolution
		Debug|Any CPU = Debug|Any CPU
		Release|Any CPU = Release|Any CPU
	EndGlobalSection
	GlobalSection(ProjectConfigurationPlatforms) = postSolution
		{41BEEBC7-CD1F-4168-9DAE-9C24C91D416F}.Debug|Any CPU.ActiveCfg = Debug|Any CPU
		{41BEEBC7-CD1F-4168-9DAE-9C24C91D416F}.Debug|Any CPU.Build.0 = Debug|Any CPU
		{41BEEBC7-CD1F-4168-9DAE-9C24C91D416F}.Release|Any CPU.ActiveCfg = Release|Any CPU
		{41BEEBC7-CD1F-4168-9DAE-9C24C91D416F}.Release|Any CPU.Build.0 = Release|Any CPU
		{51F793BE-9299-48FA-8E26-EBEB274F4F0A}.Debug|Any CPU.ActiveCfg = Debug|Any CPU
		{51F793BE-9299-48FA-8E26-EBEB274F4F0A}.Debug|Any CPU.Build.0 = Debug|Any CPU
		{51F793BE-9299-48FA-8E26-EBEB274F4F0A}.Release|Any CPU.ActiveCfg = Release|Any CPU
		{51F793BE-9299-48FA-8E26-EBEB274F4F0A}.Release|Any CPU.Build.0 = Release|Any CPU
		{3A84C306-64BC-448C-9AD7-0A7FD6AE4707}.Debug|Any CPU.ActiveCfg = Debug|Any CPU
		{3A84C306-64BC-448C-9AD7-0A7FD6AE4707}.Debug|Any CPU.Build.0 = Debug|Any CPU
		{3A84C306-64BC-448C-9AD7-0A7FD6AE4707}.Release|Any CPU.ActiveCfg = Release|Any CPU
		{3A84C306-64BC-448C-9AD7-0A7FD6AE4707}.Release|Any CPU.Build.0 = Release|Any CPU
		{62B8965E-3CF8-4038-A7BD-F1E87B0D9285}.Debug|Any CPU.ActiveCfg = Debug|Any CPU
		{62B8965E-3CF8-4038-A7BD-F1E87B0D9285}.Debug|Any CPU.Build.0 = Debug|Any CPU
		{62B8965E-3CF8-4038-A7BD-F1E87B0D9285}.Release|Any CPU.ActiveCfg = Release|Any CPU
		{62B8965E-3CF8-4038-A7BD-F1E87B0D9285}.Release|Any CPU.Build.0 = Release|Any CPU
	EndGlobalSection
	GlobalSection(SolutionProperties) = preSolution
		HideSolutionNode = FALSE
	EndGlobalSection
EndGlobal
